
Microsoft Visual Studio Solution File, Format Version 12.00
# Visual Studio Version 16
VisualStudioVersion = 16.0.31702.278
MinimumVisualStudioVersion = 10.0.40219.1
Project("{9A19103F-16F7-4668-BE54-9A1E7A4F7556}") = "DotRPG.Objects", "Objects\DotRPG.Objects.csproj", "{CFD6668D-7FD7-4C2E-BA0D-0600E1570606}"
EndProject
Project("{9A19103F-16F7-4668-BE54-9A1E7A4F7556}") = "DotRPG.Example", "_Example\DotRPG.Example.csproj", "{8BFBCC11-9680-431F-86BA-F5534F2B030C}"
EndProject
Project("{9A19103F-16F7-4668-BE54-9A1E7A4F7556}") = "DotRPG.Objects.Complexity", "Objects\Complexity\DotRPG.Objects.Complexity.csproj", "{A5B3FC78-C694-440E-9D99-7CE4FA6A01AC}"
EndProject
Project("{9A19103F-16F7-4668-BE54-9A1E7A4F7556}") = "DotRPG.Objects.Dynamics", "Objects\Dynamics\DotRPG.Objects.Dynamics.csproj", "{35012066-AC4B-4144-90C9-7F42681652C8}"
EndProject
Project("{9A19103F-16F7-4668-BE54-9A1E7A4F7556}") = "DotRPG.Scripting.Pipeline", "Scripting\Pipeline\DotRPG.Scripting.Pipeline.csproj", "{4B3EB206-0C31-4504-807C-14E346EB155D}"
EndProject
Project("{9A19103F-16F7-4668-BE54-9A1E7A4F7556}") = "DotRPG.Scripting", "Scripting\DotRPG.Scripting.csproj", "{610FDEAE-E1EB-475C-A095-2F337FBB5A2C}"
EndProject
Project("{9A19103F-16F7-4668-BE54-9A1E7A4F7556}") = "DotRPG.Behavior", "Behavior\DotRPG.Behavior.csproj", "{7D48C09E-EDCF-4D41-9687-F32BC4F8DFC6}"
EndProject
Project("{9A19103F-16F7-4668-BE54-9A1E7A4F7556}") = "DotRPG.Behavior.Routines", "Behavior\Routines\DotRPG.Behavior.Routines.csproj", "{67A8F31C-34A8-4DEC-9AB6-57F5A41018C7}"
EndProject
Project("{9A19103F-16F7-4668-BE54-9A1E7A4F7556}") = "DotRPG.Behavior.Defaults", "Behavior\Defaults\DotRPG.Behavior.Defaults.csproj", "{6932CE8F-6469-41D9-A4C1-9CBBF177FBF0}"
EndProject
Project("{9A19103F-16F7-4668-BE54-9A1E7A4F7556}") = "DotRPG.UI", "UI\DotRPG.UI.csproj", "{A867B462-F21D-4F83-83C3-CD1F64053378}"
EndProject
Project("{9A19103F-16F7-4668-BE54-9A1E7A4F7556}") = "DotRPG.Engine", "DotRPG.Engine.csproj", "{2B6D8709-6772-4B9A-8B0E-0386273968ED}"
EndProject
Global
	GlobalSection(SolutionConfigurationPlatforms) = preSolution
		Debug|Any CPU = Debug|Any CPU
		Debug|x64 = Debug|x64
		Fractured_Debug|Any CPU = Fractured_Debug|Any CPU
		Fractured_Debug|x64 = Fractured_Debug|x64
		Fractured_Release|Any CPU = Fractured_Release|Any CPU
		Fractured_Release|x64 = Fractured_Release|x64
		Release|Any CPU = Release|Any CPU
		Release|x64 = Release|x64
	EndGlobalSection
	GlobalSection(ProjectConfigurationPlatforms) = postSolution
		{CFD6668D-7FD7-4C2E-BA0D-0600E1570606}.Debug|Any CPU.ActiveCfg = Debug|Any CPU
		{CFD6668D-7FD7-4C2E-BA0D-0600E1570606}.Debug|x64.ActiveCfg = Debug|x64
		{CFD6668D-7FD7-4C2E-BA0D-0600E1570606}.Fractured_Debug|Any CPU.ActiveCfg = Fractured_Debug|Any CPU
		{CFD6668D-7FD7-4C2E-BA0D-0600E1570606}.Fractured_Debug|Any CPU.Build.0 = Fractured_Debug|Any CPU
		{CFD6668D-7FD7-4C2E-BA0D-0600E1570606}.Fractured_Debug|x64.ActiveCfg = Fractured_Debug|x64
		{CFD6668D-7FD7-4C2E-BA0D-0600E1570606}.Fractured_Debug|x64.Build.0 = Fractured_Debug|x64
		{CFD6668D-7FD7-4C2E-BA0D-0600E1570606}.Fractured_Release|Any CPU.ActiveCfg = Fractured_Release|Any CPU
		{CFD6668D-7FD7-4C2E-BA0D-0600E1570606}.Fractured_Release|Any CPU.Build.0 = Fractured_Release|Any CPU
		{CFD6668D-7FD7-4C2E-BA0D-0600E1570606}.Fractured_Release|x64.ActiveCfg = Fractured_Release|x64
		{CFD6668D-7FD7-4C2E-BA0D-0600E1570606}.Fractured_Release|x64.Build.0 = Fractured_Release|x64
		{CFD6668D-7FD7-4C2E-BA0D-0600E1570606}.Release|Any CPU.ActiveCfg = Release|Any CPU
		{CFD6668D-7FD7-4C2E-BA0D-0600E1570606}.Release|x64.ActiveCfg = Release|x64
		{CFD6668D-7FD7-4C2E-BA0D-0600E1570606}.Release|x64.Build.0 = Release|x64
		{8BFBCC11-9680-431F-86BA-F5534F2B030C}.Debug|Any CPU.ActiveCfg = Debug|Any CPU
		{8BFBCC11-9680-431F-86BA-F5534F2B030C}.Debug|Any CPU.Build.0 = Debug|Any CPU
		{8BFBCC11-9680-431F-86BA-F5534F2B030C}.Debug|x64.ActiveCfg = Debug|x64
		{8BFBCC11-9680-431F-86BA-F5534F2B030C}.Debug|x64.Build.0 = Debug|x64
		{8BFBCC11-9680-431F-86BA-F5534F2B030C}.Fractured_Debug|Any CPU.ActiveCfg = Fractured_Debug|Any CPU
		{8BFBCC11-9680-431F-86BA-F5534F2B030C}.Fractured_Debug|Any CPU.Build.0 = Fractured_Debug|Any CPU
		{8BFBCC11-9680-431F-86BA-F5534F2B030C}.Fractured_Debug|x64.ActiveCfg = Fractured_Debug|x64
		{8BFBCC11-9680-431F-86BA-F5534F2B030C}.Fractured_Debug|x64.Build.0 = Fractured_Debug|x64
		{8BFBCC11-9680-431F-86BA-F5534F2B030C}.Fractured_Release|Any CPU.ActiveCfg = Fractured_Release|Any CPU
		{8BFBCC11-9680-431F-86BA-F5534F2B030C}.Fractured_Release|Any CPU.Build.0 = Fractured_Release|Any CPU
		{8BFBCC11-9680-431F-86BA-F5534F2B030C}.Fractured_Release|x64.ActiveCfg = Fractured_Release|x64
		{8BFBCC11-9680-431F-86BA-F5534F2B030C}.Fractured_Release|x64.Build.0 = Fractured_Release|x64
		{8BFBCC11-9680-431F-86BA-F5534F2B030C}.Release|Any CPU.ActiveCfg = Release|Any CPU
		{8BFBCC11-9680-431F-86BA-F5534F2B030C}.Release|Any CPU.Build.0 = Release|Any CPU
		{8BFBCC11-9680-431F-86BA-F5534F2B030C}.Release|x64.ActiveCfg = Release|x64
		{8BFBCC11-9680-431F-86BA-F5534F2B030C}.Release|x64.Build.0 = Release|x64
		{A5B3FC78-C694-440E-9D99-7CE4FA6A01AC}.Debug|Any CPU.ActiveCfg = Debug|Any CPU
		{A5B3FC78-C694-440E-9D99-7CE4FA6A01AC}.Debug|x64.ActiveCfg = Debug|x64
		{A5B3FC78-C694-440E-9D99-7CE4FA6A01AC}.Fractured_Debug|Any CPU.ActiveCfg = Fractured_Debug|Any CPU
		{A5B3FC78-C694-440E-9D99-7CE4FA6A01AC}.Fractured_Debug|x64.ActiveCfg = Fractured_Debug|x64
		{A5B3FC78-C694-440E-9D99-7CE4FA6A01AC}.Fractured_Debug|x64.Build.0 = Fractured_Debug|x64
		{A5B3FC78-C694-440E-9D99-7CE4FA6A01AC}.Fractured_Release|Any CPU.ActiveCfg = Fractured_Release|Any CPU
		{A5B3FC78-C694-440E-9D99-7CE4FA6A01AC}.Fractured_Release|x64.ActiveCfg = Fractured_Release|x64
		{A5B3FC78-C694-440E-9D99-7CE4FA6A01AC}.Fractured_Release|x64.Build.0 = Fractured_Release|x64
		{A5B3FC78-C694-440E-9D99-7CE4FA6A01AC}.Release|Any CPU.ActiveCfg = Release|Any CPU
		{A5B3FC78-C694-440E-9D99-7CE4FA6A01AC}.Release|x64.ActiveCfg = Release|x64
		{A5B3FC78-C694-440E-9D99-7CE4FA6A01AC}.Release|x64.Build.0 = Release|x64
		{35012066-AC4B-4144-90C9-7F42681652C8}.Debug|Any CPU.ActiveCfg = Debug|Any CPU
		{35012066-AC4B-4144-90C9-7F42681652C8}.Debug|x64.ActiveCfg = Debug|x64
		{35012066-AC4B-4144-90C9-7F42681652C8}.Fractured_Debug|Any CPU.ActiveCfg = Fractured_Debug|Any CPU
		{35012066-AC4B-4144-90C9-7F42681652C8}.Fractured_Debug|Any CPU.Build.0 = Fractured_Debug|Any CPU
		{35012066-AC4B-4144-90C9-7F42681652C8}.Fractured_Debug|x64.ActiveCfg = Fractured_Debug|x64
		{35012066-AC4B-4144-90C9-7F42681652C8}.Fractured_Debug|x64.Build.0 = Fractured_Debug|x64
		{35012066-AC4B-4144-90C9-7F42681652C8}.Fractured_Release|Any CPU.ActiveCfg = Fractured_Debug|Any CPU
		{35012066-AC4B-4144-90C9-7F42681652C8}.Fractured_Release|Any CPU.Build.0 = Fractured_Debug|Any CPU
		{35012066-AC4B-4144-90C9-7F42681652C8}.Fractured_Release|x64.ActiveCfg = Fractured_Debug|x64
		{35012066-AC4B-4144-90C9-7F42681652C8}.Fractured_Release|x64.Build.0 = Fractured_Debug|x64
		{35012066-AC4B-4144-90C9-7F42681652C8}.Release|Any CPU.ActiveCfg = Release|Any CPU
		{35012066-AC4B-4144-90C9-7F42681652C8}.Release|x64.ActiveCfg = Release|x64
		{35012066-AC4B-4144-90C9-7F42681652C8}.Release|x64.Build.0 = Release|x64
		{4B3EB206-0C31-4504-807C-14E346EB155D}.Debug|Any CPU.ActiveCfg = Debug|Any CPU
		{4B3EB206-0C31-4504-807C-14E346EB155D}.Debug|x64.ActiveCfg = Debug|x64
		{4B3EB206-0C31-4504-807C-14E346EB155D}.Fractured_Debug|Any CPU.ActiveCfg = Fractured_Debug|Any CPU
		{4B3EB206-0C31-4504-807C-14E346EB155D}.Fractured_Debug|Any CPU.Build.0 = Fractured_Debug|Any CPU
		{4B3EB206-0C31-4504-807C-14E346EB155D}.Fractured_Debug|x64.ActiveCfg = Fractured_Debug|x64
		{4B3EB206-0C31-4504-807C-14E346EB155D}.Fractured_Debug|x64.Build.0 = Fractured_Debug|x64
		{4B3EB206-0C31-4504-807C-14E346EB155D}.Fractured_Release|Any CPU.ActiveCfg = Fractured_Debug|Any CPU
		{4B3EB206-0C31-4504-807C-14E346EB155D}.Fractured_Release|Any CPU.Build.0 = Fractured_Debug|Any CPU
		{4B3EB206-0C31-4504-807C-14E346EB155D}.Fractured_Release|x64.ActiveCfg = Fractured_Debug|x64
		{4B3EB206-0C31-4504-807C-14E346EB155D}.Fractured_Release|x64.Build.0 = Fractured_Debug|x64
		{4B3EB206-0C31-4504-807C-14E346EB155D}.Release|Any CPU.ActiveCfg = Release|Any CPU
		{4B3EB206-0C31-4504-807C-14E346EB155D}.Release|x64.ActiveCfg = Release|x64
		{4B3EB206-0C31-4504-807C-14E346EB155D}.Release|x64.Build.0 = Release|x64
		{610FDEAE-E1EB-475C-A095-2F337FBB5A2C}.Debug|Any CPU.ActiveCfg = Debug|Any CPU
		{610FDEAE-E1EB-475C-A095-2F337FBB5A2C}.Debug|x64.ActiveCfg = Debug|x64
		{610FDEAE-E1EB-475C-A095-2F337FBB5A2C}.Fractured_Debug|Any CPU.ActiveCfg = Fractured_Debug|Any CPU
		{610FDEAE-E1EB-475C-A095-2F337FBB5A2C}.Fractured_Debug|Any CPU.Build.0 = Fractured_Debug|Any CPU
		{610FDEAE-E1EB-475C-A095-2F337FBB5A2C}.Fractured_Debug|x64.ActiveCfg = Fractured_Debug|x64
		{610FDEAE-E1EB-475C-A095-2F337FBB5A2C}.Fractured_Debug|x64.Build.0 = Fractured_Debug|x64
		{610FDEAE-E1EB-475C-A095-2F337FBB5A2C}.Fractured_Release|Any CPU.ActiveCfg = Fractured_Debug|Any CPU
		{610FDEAE-E1EB-475C-A095-2F337FBB5A2C}.Fractured_Release|Any CPU.Build.0 = Fractured_Debug|Any CPU
		{610FDEAE-E1EB-475C-A095-2F337FBB5A2C}.Fractured_Release|x64.ActiveCfg = Fractured_Debug|x64
		{610FDEAE-E1EB-475C-A095-2F337FBB5A2C}.Fractured_Release|x64.Build.0 = Fractured_Debug|x64
		{610FDEAE-E1EB-475C-A095-2F337FBB5A2C}.Release|Any CPU.ActiveCfg = Release|Any CPU
		{610FDEAE-E1EB-475C-A095-2F337FBB5A2C}.Release|x64.ActiveCfg = Release|x64
		{610FDEAE-E1EB-475C-A095-2F337FBB5A2C}.Release|x64.Build.0 = Release|x64
		{7D48C09E-EDCF-4D41-9687-F32BC4F8DFC6}.Debug|Any CPU.ActiveCfg = Debug|Any CPU
		{7D48C09E-EDCF-4D41-9687-F32BC4F8DFC6}.Debug|x64.ActiveCfg = Debug|x64
		{7D48C09E-EDCF-4D41-9687-F32BC4F8DFC6}.Fractured_Debug|Any CPU.ActiveCfg = Fractured_Debug|Any CPU
		{7D48C09E-EDCF-4D41-9687-F32BC4F8DFC6}.Fractured_Debug|Any CPU.Build.0 = Fractured_Debug|Any CPU
		{7D48C09E-EDCF-4D41-9687-F32BC4F8DFC6}.Fractured_Debug|x64.ActiveCfg = Fractured_Debug|x64
		{7D48C09E-EDCF-4D41-9687-F32BC4F8DFC6}.Fractured_Debug|x64.Build.0 = Fractured_Debug|x64
		{7D48C09E-EDCF-4D41-9687-F32BC4F8DFC6}.Fractured_Release|Any CPU.ActiveCfg = Fractured_Debug|Any CPU
		{7D48C09E-EDCF-4D41-9687-F32BC4F8DFC6}.Fractured_Release|Any CPU.Build.0 = Fractured_Debug|Any CPU
		{7D48C09E-EDCF-4D41-9687-F32BC4F8DFC6}.Fractured_Release|x64.ActiveCfg = Fractured_Debug|x64
		{7D48C09E-EDCF-4D41-9687-F32BC4F8DFC6}.Fractured_Release|x64.Build.0 = Fractured_Debug|x64
		{7D48C09E-EDCF-4D41-9687-F32BC4F8DFC6}.Release|Any CPU.ActiveCfg = Release|Any CPU
		{7D48C09E-EDCF-4D41-9687-F32BC4F8DFC6}.Release|x64.ActiveCfg = Release|x64
		{7D48C09E-EDCF-4D41-9687-F32BC4F8DFC6}.Release|x64.Build.0 = Release|x64
		{67A8F31C-34A8-4DEC-9AB6-57F5A41018C7}.Debug|Any CPU.ActiveCfg = Debug|Any CPU
		{67A8F31C-34A8-4DEC-9AB6-57F5A41018C7}.Debug|x64.ActiveCfg = Debug|x64
		{67A8F31C-34A8-4DEC-9AB6-57F5A41018C7}.Fractured_Debug|Any CPU.ActiveCfg = Fractured_Debug|Any CPU
		{67A8F31C-34A8-4DEC-9AB6-57F5A41018C7}.Fractured_Debug|Any CPU.Build.0 = Fractured_Debug|Any CPU
		{67A8F31C-34A8-4DEC-9AB6-57F5A41018C7}.Fractured_Debug|x64.ActiveCfg = Fractured_Debug|x64
		{67A8F31C-34A8-4DEC-9AB6-57F5A41018C7}.Fractured_Debug|x64.Build.0 = Fractured_Debug|x64
		{67A8F31C-34A8-4DEC-9AB6-57F5A41018C7}.Fractured_Release|Any CPU.ActiveCfg = Fractured_Debug|Any CPU
		{67A8F31C-34A8-4DEC-9AB6-57F5A41018C7}.Fractured_Release|Any CPU.Build.0 = Fractured_Debug|Any CPU
		{67A8F31C-34A8-4DEC-9AB6-57F5A41018C7}.Fractured_Release|x64.ActiveCfg = Fractured_Debug|x64
		{67A8F31C-34A8-4DEC-9AB6-57F5A41018C7}.Fractured_Release|x64.Build.0 = Fractured_Debug|x64
		{67A8F31C-34A8-4DEC-9AB6-57F5A41018C7}.Release|Any CPU.ActiveCfg = Release|Any CPU
		{67A8F31C-34A8-4DEC-9AB6-57F5A41018C7}.Release|x64.ActiveCfg = Release|x64
		{67A8F31C-34A8-4DEC-9AB6-57F5A41018C7}.Release|x64.Build.0 = Release|x64
		{6932CE8F-6469-41D9-A4C1-9CBBF177FBF0}.Debug|Any CPU.ActiveCfg = Debug|Any CPU
		{6932CE8F-6469-41D9-A4C1-9CBBF177FBF0}.Debug|x64.ActiveCfg = Debug|x64
		{6932CE8F-6469-41D9-A4C1-9CBBF177FBF0}.Fractured_Debug|Any CPU.ActiveCfg = Fractured_Debug|Any CPU
		{6932CE8F-6469-41D9-A4C1-9CBBF177FBF0}.Fractured_Debug|Any CPU.Build.0 = Fractured_Debug|Any CPU
		{6932CE8F-6469-41D9-A4C1-9CBBF177FBF0}.Fractured_Debug|x64.ActiveCfg = Fractured_Debug|x64
		{6932CE8F-6469-41D9-A4C1-9CBBF177FBF0}.Fractured_Debug|x64.Build.0 = Fractured_Debug|x64
		{6932CE8F-6469-41D9-A4C1-9CBBF177FBF0}.Fractured_Release|Any CPU.ActiveCfg = Fractured_Debug|Any CPU
		{6932CE8F-6469-41D9-A4C1-9CBBF177FBF0}.Fractured_Release|Any CPU.Build.0 = Fractured_Debug|Any CPU
		{6932CE8F-6469-41D9-A4C1-9CBBF177FBF0}.Fractured_Release|x64.ActiveCfg = Fractured_Debug|x64
		{6932CE8F-6469-41D9-A4C1-9CBBF177FBF0}.Fractured_Release|x64.Build.0 = Fractured_Debug|x64
		{6932CE8F-6469-41D9-A4C1-9CBBF177FBF0}.Release|Any CPU.ActiveCfg = Release|Any CPU
		{6932CE8F-6469-41D9-A4C1-9CBBF177FBF0}.Release|x64.ActiveCfg = Release|x64
		{6932CE8F-6469-41D9-A4C1-9CBBF177FBF0}.Release|x64.Build.0 = Release|x64
		{A867B462-F21D-4F83-83C3-CD1F64053378}.Debug|Any CPU.ActiveCfg = Debug|Any CPU
		{A867B462-F21D-4F83-83C3-CD1F64053378}.Debug|x64.ActiveCfg = Debug|Any CPU
		{A867B462-F21D-4F83-83C3-CD1F64053378}.Fractured_Debug|Any CPU.ActiveCfg = Fractured_Debug|Any CPU
		{A867B462-F21D-4F83-83C3-CD1F64053378}.Fractured_Debug|Any CPU.Build.0 = Fractured_Debug|Any CPU
		{A867B462-F21D-4F83-83C3-CD1F64053378}.Fractured_Debug|x64.ActiveCfg = Fractured_Debug|Any CPU
		{A867B462-F21D-4F83-83C3-CD1F64053378}.Fractured_Debug|x64.Build.0 = Fractured_Debug|Any CPU
		{A867B462-F21D-4F83-83C3-CD1F64053378}.Fractured_Release|Any CPU.ActiveCfg = Fractured_Debug|Any CPU
		{A867B462-F21D-4F83-83C3-CD1F64053378}.Fractured_Release|Any CPU.Build.0 = Fractured_Debug|Any CPU
		{A867B462-F21D-4F83-83C3-CD1F64053378}.Fractured_Release|x64.ActiveCfg = Fractured_Debug|Any CPU
		{A867B462-F21D-4F83-83C3-CD1F64053378}.Fractured_Release|x64.Build.0 = Fractured_Debug|Any CPU
		{A867B462-F21D-4F83-83C3-CD1F64053378}.Release|Any CPU.ActiveCfg = Release|Any CPU
		{A867B462-F21D-4F83-83C3-CD1F64053378}.Release|x64.ActiveCfg = Release|Any CPU
		{A867B462-F21D-4F83-83C3-CD1F64053378}.Release|x64.Build.0 = Release|Any CPU
		{2B6D8709-6772-4B9A-8B0E-0386273968ED}.Debug|Any CPU.ActiveCfg = Debug|Any CPU
		{2B6D8709-6772-4B9A-8B0E-0386273968ED}.Debug|Any CPU.Build.0 = Debug|Any CPU
		{2B6D8709-6772-4B9A-8B0E-0386273968ED}.Debug|x64.ActiveCfg = Debug|Any CPU
		{2B6D8709-6772-4B9A-8B0E-0386273968ED}.Debug|x64.Build.0 = Debug|Any CPU
		{2B6D8709-6772-4B9A-8B0E-0386273968ED}.Fractured_Debug|Any CPU.ActiveCfg = Fractured_Debug|Any CPU
		{2B6D8709-6772-4B9A-8B0E-0386273968ED}.Fractured_Debug|x64.ActiveCfg = Fractured_Debug|Any CPU
		{2B6D8709-6772-4B9A-8B0E-0386273968ED}.Fractured_Debug|x64.Build.0 = Fractured_Debug|Any CPU
		{2B6D8709-6772-4B9A-8B0E-0386273968ED}.Fractured_Release|Any CPU.ActiveCfg = Fractured_Debug|Any CPU
		{2B6D8709-6772-4B9A-8B0E-0386273968ED}.Fractured_Release|x64.ActiveCfg = Fractured_Debug|Any CPU
		{2B6D8709-6772-4B9A-8B0E-0386273968ED}.Fractured_Release|x64.Build.0 = Fractured_Debug|Any CPU
		{2B6D8709-6772-4B9A-8B0E-0386273968ED}.Release|Any CPU.ActiveCfg = Release|Any CPU
		{2B6D8709-6772-4B9A-8B0E-0386273968ED}.Release|Any CPU.Build.0 = Release|Any CPU
		{2B6D8709-6772-4B9A-8B0E-0386273968ED}.Release|x64.ActiveCfg = Release|Any CPU
		{2B6D8709-6772-4B9A-8B0E-0386273968ED}.Release|x64.Build.0 = Release|Any CPU
	EndGlobalSection
	GlobalSection(SolutionProperties) = preSolution
		HideSolutionNode = FALSE
	EndGlobalSection
	GlobalSection(ExtensibilityGlobals) = postSolution
		SolutionGuid = {D3637273-7B99-4F8C-9037-75AEAA80B867}
	EndGlobalSection
EndGlobal
